// !$*UTF8*$!
{
	archiveVersion = 1;
	classes = {
	};
	objectVersion = 46;
	objects = {

/* Begin PBXGroup section */
		92DCE1B11A548E6A0049FEFE = {
			isa = PBXGroup;
			children = (
			);
			sourceTree = "<group>";
		};
/* End PBXGroup section */

/* Begin PBXProject section */
		92DCE1B21A548E6A0049FEFE /* Project object */ = {
			isa = PBXProject;
			attributes = {
				LastUpgradeCheck = 0610;
			};
			buildConfigurationList = 92DCE1B51A548E6A0049FEFE /* Build configuration list for PBXProject "Thinkful_Swift_Assignments" */;
			compatibilityVersion = "Xcode 3.2";
			developmentRegion = English;
			hasScannedForEncodings = 0;
			knownRegions = (
				en,
			);
			mainGroup = 92DCE1B11A548E6A0049FEFE;
			projectDirPath = "";
			projectRoot = "";
			targets = (
			);
		};
/* End PBXProject section */

/* Begin XCBuildConfiguration section */
		92DCE1B61A548E6A0049FEFE /* Debug */ = {
			isa = XCBuildConfiguration;
			buildSettings = {
			};
			name = Debug;
		};
		92DCE1B71A548E6A0049FEFE /* Release */ = {
			isa = XCBuildConfiguration;
			buildSettings = {
			};
			name = Release;
		};
/* End XCBuildConfiguration section */

/* Begin XCConfigurationList section */
		92DCE1B51A548E6A0049FEFE /* Build configuration list for PBXProject "Thinkful_Swift_Assignments" */ = {
			isa = XCConfigurationList;
			buildConfigurations = (
				92DCE1B61A548E6A0049FEFE /* Debug */,
				92DCE1B71A548E6A0049FEFE /* Release */,
			);
			defaultConfigurationIsVisible = 0;
			defaultConfigurationName = Release;
		};
/* End XCConfigurationList section */
	};
	rootObject = 92DCE1B21A548E6A0049FEFE /* Project object */;
}
